{
  "version": 4,
  "terraform_version": "1.5.0",
  "serial": 14,
  "lineage": "22c44203-3c06-117e-6561-d98405852b1a",
  "outputs": {
    "kms_key": {
      "value": "8f79947b-6704-4a2c-8c91-ac5b2c17187d",
      "type": "string"
    }
  },
  "resources": [
    {
      "mode": "managed",
      "type": "aws_db_instance",
      "name": "default",
      "provider": "provider[\"registry.terraform.io/hashicorp/aws\"]",
      "instances": [
        {
          "schema_version": 2,
          "attributes": {
            "address": "terraform-20230621061918512700000001.cv5qdwu0bmvz.ap-southeast-1.rds.amazonaws.com",
            "allocated_storage": 10,
            "allow_major_version_upgrade": null,
            "apply_immediately": false,
            "arn": "arn:aws:rds:ap-southeast-1:871839660682:db:terraform-20230621061918512700000001",
            "auto_minor_version_upgrade": true,
            "availability_zone": "ap-southeast-1b",
            "backup_retention_period": 0,
            "backup_window": "17:32-18:02",
            "blue_green_update": [],
            "ca_cert_identifier": "rds-ca-2019",
            "character_set_name": "",
            "copy_tags_to_snapshot": false,
            "custom_iam_instance_profile": "",
            "customer_owned_ip_enabled": false,
            "db_name": "mydb",
            "db_subnet_group_name": "default",
            "delete_automated_backups": true,
            "deletion_protection": false,
            "domain": "",
            "domain_iam_role_name": "",
            "enabled_cloudwatch_logs_exports": [],
            "endpoint": "terraform-20230621061918512700000001.cv5qdwu0bmvz.ap-southeast-1.rds.amazonaws.com:3306",
            "engine": "mysql",
            "engine_version": "5.7",
            "engine_version_actual": "5.7.41",
            "final_snapshot_identifier": null,
            "hosted_zone_id": "Z2G0U3KFCY8NZ5",
            "iam_database_authentication_enabled": false,
            "id": "db-BHLY4N5FLURHHZUNKQL2QZSPGA",
            "identifier": "terraform-20230621061918512700000001",
            "identifier_prefix": "terraform-",
            "instance_class": "db.t2.micro",
            "iops": 0,
            "kms_key_id": "",
            "latest_restorable_time": "",
            "license_model": "general-public-license",
            "listener_endpoint": [],
            "maintenance_window": "wed:21:19-wed:21:49",
            "manage_master_user_password": true,
            "master_user_secret": [
              {
                "kms_key_id": "arn:aws:kms:ap-southeast-1:871839660682:key/8f79947b-6704-4a2c-8c91-ac5b2c17187d",
                "secret_arn": "arn:aws:secretsmanager:ap-southeast-1:871839660682:secret:rds!db-8b7ba763-99e8-4513-b352-61e1fd6b5cf3-1Fo13h",
                "secret_status": "active"
              }
            ],
            "master_user_secret_kms_key_id": "8f79947b-6704-4a2c-8c91-ac5b2c17187d",
            "max_allocated_storage": 0,
            "monitoring_interval": 0,
            "monitoring_role_arn": "",
            "multi_az": false,
            "nchar_character_set_name": "",
            "network_type": "IPV4",
            "option_group_name": "default:mysql-5-7",
            "parameter_group_name": "default.mysql5.7",
            "password": null,
            "performance_insights_enabled": false,
            "performance_insights_kms_key_id": "",
            "performance_insights_retention_period": 0,
            "port": 3306,
            "publicly_accessible": false,
            "replica_mode": "",
            "replicas": [],
            "replicate_source_db": "",
            "resource_id": "db-BHLY4N5FLURHHZUNKQL2QZSPGA",
            "restore_to_point_in_time": [],
            "s3_import": [],
            "skip_final_snapshot": true,
            "snapshot_identifier": null,
            "status": "available",
            "storage_encrypted": false,
            "storage_throughput": 0,
            "storage_type": "gp2",
            "tags": {},
            "tags_all": {},
            "timeouts": null,
            "timezone": "",
            "username": "foo",
            "vpc_security_group_ids": [
              "sg-0a8c7b7c532021ece"
            ]
          },
          "sensitive_attributes": [],
          "private": "eyJlMmJmYjczMC1lY2FhLTExZTYtOGY4OC0zNDM2M2JjN2M0YzAiOnsiY3JlYXRlIjoyNDAwMDAwMDAwMDAwLCJkZWxldGUiOjM2MDAwMDAwMDAwMDAsInVwZGF0ZSI6NDgwMDAwMDAwMDAwMH0sInNjaGVtYV92ZXJzaW9uIjoiMiJ9",
          "dependencies": [
            "aws_kms_key.example"
          ]
        }
      ]
    },
    {
      "mode": "managed",
      "type": "aws_kms_key",
      "name": "example",
      "provider": "provider[\"registry.terraform.io/hashicorp/aws\"]",
      "instances": [
        {
          "schema_version": 0,
          "attributes": {
            "arn": "arn:aws:kms:ap-southeast-1:871839660682:key/8f79947b-6704-4a2c-8c91-ac5b2c17187d",
            "bypass_policy_lockout_safety_check": false,
            "custom_key_store_id": "",
            "customer_master_key_spec": "SYMMETRIC_DEFAULT",
            "deletion_window_in_days": null,
            "description": "Example KMS Key",
            "enable_key_rotation": false,
            "id": "8f79947b-6704-4a2c-8c91-ac5b2c17187d",
            "is_enabled": true,
            "key_id": "8f79947b-6704-4a2c-8c91-ac5b2c17187d",
            "key_usage": "ENCRYPT_DECRYPT",
            "multi_region": false,
            "policy": "{\"Id\":\"key-default-1\",\"Statement\":[{\"Action\":\"kms:*\",\"Effect\":\"Allow\",\"Principal\":{\"AWS\":\"arn:aws:iam::871839660682:root\"},\"Resource\":\"*\",\"Sid\":\"Enable IAM User Permissions\"}],\"Version\":\"2012-10-17\"}",
            "tags": {},
            "tags_all": {}
          },
          "sensitive_attributes": [],
          "private": "bnVsbA=="
        }
      ]
    }
  ],
  "check_results": null
}
